
Microsoft Visual Studio Solution File, Format Version 12.00
# Visual Studio Version 17
VisualStudioVersion = 17.7.34221.43
MinimumVisualStudioVersion = 10.0.40219.1
Project("{9A19103F-16F7-4668-BE54-9A1E7A4F7556}") = "Chess", "Chess.csproj", "{B8250438-9486-4033-ACE1-F724ADE81AB3}"
EndProject
Project("{FAE04EC0-301F-11D3-BF4B-00C04F79EFBC}") = "Chess.Test", "..\Chess.Test\Chess.Test.csproj", "{143834F4-FBC0-4DD0-BC48-2A1581CCCCB1}"
EndProject
Global
	GlobalSection(SolutionConfigurationPlatforms) = preSolution
		Debug|Any CPU = Debug|Any CPU
		Release|Any CPU = Release|Any CPU
	EndGlobalSection
	GlobalSection(ProjectConfigurationPlatforms) = postSolution
		{B8250438-9486-4033-ACE1-F724ADE81AB3}.Debug|Any CPU.ActiveCfg = Debug|Any CPU
		{B8250438-9486-4033-ACE1-F724ADE81AB3}.Debug|Any CPU.Build.0 = Debug|Any CPU
		{B8250438-9486-4033-ACE1-F724ADE81AB3}.Release|Any CPU.ActiveCfg = Release|Any CPU
		{B8250438-9486-4033-ACE1-F724ADE81AB3}.Release|Any CPU.Build.0 = Release|Any CPU
		{143834F4-FBC0-4DD0-BC48-2A1581CCCCB1}.Debug|Any CPU.ActiveCfg = Debug|Any CPU
		{143834F4-FBC0-4DD0-BC48-2A1581CCCCB1}.Debug|Any CPU.Build.0 = Debug|Any CPU
		{143834F4-FBC0-4DD0-BC48-2A1581CCCCB1}.Release|Any CPU.ActiveCfg = Release|Any CPU
		{143834F4-FBC0-4DD0-BC48-2A1581CCCCB1}.Release|Any CPU.Build.0 = Release|Any CPU
	EndGlobalSection
	GlobalSection(SolutionProperties) = preSolution
		HideSolutionNode = FALSE
	EndGlobalSection
	GlobalSection(ExtensibilityGlobals) = postSolution
		SolutionGuid = {903782D2-FDBE-4F71-86AA-87CD31737184}
	EndGlobalSection
EndGlobal
